
Microsoft Visual Studio Solution File, Format Version 12.00
# Visual Studio 15
VisualStudioVersion = 15.0.28010.2050
MinimumVisualStudioVersion = 10.0.40219.1
Project("{FAE04EC0-301F-11D3-BF4B-00C04F79EFBC}") = "HW_14", "HW_14\HW_14.csproj", "{02468592-5348-48A8-A592-3814FD47F5C9}"
EndProject
Global
	GlobalSection(SolutionConfigurationPlatforms) = preSolution
		Debug|Any CPU = Debug|Any CPU
		Release|Any CPU = Release|Any CPU
	EndGlobalSection
	GlobalSection(ProjectConfigurationPlatforms) = postSolution
		{02468592-5348-48A8-A592-3814FD47F5C9}.Debug|Any CPU.ActiveCfg = Debug|Any CPU
		{02468592-5348-48A8-A592-3814FD47F5C9}.Debug|Any CPU.Build.0 = Debug|Any CPU
		{02468592-5348-48A8-A592-3814FD47F5C9}.Release|Any CPU.ActiveCfg = Release|Any CPU
		{02468592-5348-48A8-A592-3814FD47F5C9}.Release|Any CPU.Build.0 = Release|Any CPU
	EndGlobalSection
	GlobalSection(SolutionProperties) = preSolution
		HideSolutionNode = FALSE
	EndGlobalSection
	GlobalSection(ExtensibilityGlobals) = postSolution
		SolutionGuid = {CC138144-7598-4F52-9F65-BF4ECFBA3467}
	EndGlobalSection
EndGlobal
